
Microsoft Visual Studio Solution File, Format Version 11.00
# Visual C# Express 2010
Project("{FAE04EC0-301F-11D3-BF4B-00C04F79EFBC}") = "SDDirScan", "SDDirScan\SDDirScan.csproj", "{F21B5544-FEFD-44CE-A31E-7F560B465834}"
EndProject
Global
	GlobalSection(SolutionConfigurationPlatforms) = preSolution
		Debug|Any CPU = Debug|Any CPU
		Release|Any CPU = Release|Any CPU
	EndGlobalSection
	GlobalSection(ProjectConfigurationPlatforms) = postSolution
		{F21B5544-FEFD-44CE-A31E-7F560B465834}.Debug|Any CPU.ActiveCfg = Debug|Any CPU
		{F21B5544-FEFD-44CE-A31E-7F560B465834}.Debug|Any CPU.Build.0 = Debug|Any CPU
		{F21B5544-FEFD-44CE-A31E-7F560B465834}.Debug|Any CPU.Deploy.0 = Debug|Any CPU
		{F21B5544-FEFD-44CE-A31E-7F560B465834}.Release|Any CPU.ActiveCfg = Release|Any CPU
		{F21B5544-FEFD-44CE-A31E-7F560B465834}.Release|Any CPU.Build.0 = Release|Any CPU
		{F21B5544-FEFD-44CE-A31E-7F560B465834}.Release|Any CPU.Deploy.0 = Release|Any CPU
	EndGlobalSection
	GlobalSection(SolutionProperties) = preSolution
		HideSolutionNode = FALSE
	EndGlobalSection
EndGlobal
